
Microsoft Visual Studio Solution File, Format Version 12.00
# Visual Studio 2013
VisualStudioVersion = 12.0.30723.0
MinimumVisualStudioVersion = 10.0.40219.1
Project("{8BC9CEB8-8B4A-11D0-8D11-00A0C91BC942}") = "Win32Project1", "Win32Project1\Win32Project1.vcxproj", "{C7F2E745-6ECC-4640-BDF3-462C79CD49D1}"
EndProject
Project("{2150E333-8FDC-42A3-9474-1A3956D46DE8}") = "Solution Items", "Solution Items", "{EA47227B-EEF7-4EA5-AC89-220F894B13F6}"
	ProjectSection(SolutionItems) = preProject
		README.md = README.md
	EndProjectSection
EndProject
Global
	GlobalSection(SolutionConfigurationPlatforms) = preSolution
		Debug|Win32 = Debug|Win32
		Release|Win32 = Release|Win32
	EndGlobalSection
	GlobalSection(ProjectConfigurationPlatforms) = postSolution
		{C7F2E745-6ECC-4640-BDF3-462C79CD49D1}.Debug|Win32.ActiveCfg = Debug|Win32
		{C7F2E745-6ECC-4640-BDF3-462C79CD49D1}.Debug|Win32.Build.0 = Debug|Win32
		{C7F2E745-6ECC-4640-BDF3-462C79CD49D1}.Release|Win32.ActiveCfg = Release|Win32
		{C7F2E745-6ECC-4640-BDF3-462C79CD49D1}.Release|Win32.Build.0 = Release|Win32
	EndGlobalSection
	GlobalSection(SolutionProperties) = preSolution
		HideSolutionNode = FALSE
	EndGlobalSection
EndGlobal
